
Microsoft Visual Studio Solution File, Format Version 12.00
# Visual Studio Version 17
VisualStudioVersion = 17.6.33815.320
MinimumVisualStudioVersion = 10.0.40219.1
Project("{FAE04EC0-301F-11D3-BF4B-00C04F79EFBC}") = "EF_01_HocSinh", "EF_01_HocSinh\EF_01_HocSinh.csproj", "{4513AA66-8296-45C6-9858-B34990846391}"
EndProject
Global
	GlobalSection(SolutionConfigurationPlatforms) = preSolution
		Debug|Any CPU = Debug|Any CPU
		Release|Any CPU = Release|Any CPU
	EndGlobalSection
	GlobalSection(ProjectConfigurationPlatforms) = postSolution
		{4513AA66-8296-45C6-9858-B34990846391}.Debug|Any CPU.ActiveCfg = Debug|Any CPU
		{4513AA66-8296-45C6-9858-B34990846391}.Debug|Any CPU.Build.0 = Debug|Any CPU
		{4513AA66-8296-45C6-9858-B34990846391}.Release|Any CPU.ActiveCfg = Release|Any CPU
		{4513AA66-8296-45C6-9858-B34990846391}.Release|Any CPU.Build.0 = Release|Any CPU
	EndGlobalSection
	GlobalSection(SolutionProperties) = preSolution
		HideSolutionNode = FALSE
	EndGlobalSection
	GlobalSection(ExtensibilityGlobals) = postSolution
		SolutionGuid = {196F7B02-6844-4052-B379-916378BD5E5C}
	EndGlobalSection
EndGlobal
